
Microsoft Visual Studio Solution File, Format Version 12.00
# Visual Studio 15
VisualStudioVersion = 15.0.27428.2015
MinimumVisualStudioVersion = 10.0.40219.1
Project("{FAE04EC0-301F-11D3-BF4B-00C04F79EFBC}") = "aws_ci_poc_mvc", "aws_ci_poc_mvc\aws_ci_poc_mvc.csproj", "{FF30328B-6A1C-45D0-B9D4-B8835C3FD39E}"
EndProject
Project("{FAE04EC0-301F-11D3-BF4B-00C04F79EFBC}") = "aws_ci_poc_mvc.Tests", "aws_ci_poc_mvc.Tests\aws_ci_poc_mvc.Tests.csproj", "{953145D2-1325-441E-9239-D6ED7DFDF176}"
EndProject
Project("{E53339B2-1760-4266-BCC7-CA923CBCF16C}") = "docker-compose", "docker-compose.dcproj", "{D1DEBF51-62C2-4EC3-9233-6A8681F59827}"
EndProject
Global
	GlobalSection(SolutionConfigurationPlatforms) = preSolution
		Debug|Any CPU = Debug|Any CPU
		Release|Any CPU = Release|Any CPU
	EndGlobalSection
	GlobalSection(ProjectConfigurationPlatforms) = postSolution
		{FF30328B-6A1C-45D0-B9D4-B8835C3FD39E}.Debug|Any CPU.ActiveCfg = Debug|Any CPU
		{FF30328B-6A1C-45D0-B9D4-B8835C3FD39E}.Debug|Any CPU.Build.0 = Debug|Any CPU
		{FF30328B-6A1C-45D0-B9D4-B8835C3FD39E}.Release|Any CPU.ActiveCfg = Release|Any CPU
		{FF30328B-6A1C-45D0-B9D4-B8835C3FD39E}.Release|Any CPU.Build.0 = Release|Any CPU
		{953145D2-1325-441E-9239-D6ED7DFDF176}.Debug|Any CPU.ActiveCfg = Debug|Any CPU
		{953145D2-1325-441E-9239-D6ED7DFDF176}.Debug|Any CPU.Build.0 = Debug|Any CPU
		{953145D2-1325-441E-9239-D6ED7DFDF176}.Release|Any CPU.ActiveCfg = Release|Any CPU
		{953145D2-1325-441E-9239-D6ED7DFDF176}.Release|Any CPU.Build.0 = Release|Any CPU
		{D1DEBF51-62C2-4EC3-9233-6A8681F59827}.Debug|Any CPU.ActiveCfg = Debug|Any CPU
		{D1DEBF51-62C2-4EC3-9233-6A8681F59827}.Debug|Any CPU.Build.0 = Debug|Any CPU
		{D1DEBF51-62C2-4EC3-9233-6A8681F59827}.Release|Any CPU.ActiveCfg = Release|Any CPU
		{D1DEBF51-62C2-4EC3-9233-6A8681F59827}.Release|Any CPU.Build.0 = Release|Any CPU
	EndGlobalSection
	GlobalSection(SolutionProperties) = preSolution
		HideSolutionNode = FALSE
	EndGlobalSection
	GlobalSection(ExtensibilityGlobals) = postSolution
		SolutionGuid = {76D82E26-C1EA-4CBE-ACFF-2750B9DB2B7F}
	EndGlobalSection
EndGlobal
